{
	"requires": true,
	"lockfileVersion": 1,
	"dependencies": {
		"child_process": {
			"version": "1.0.2",
			"resolved": "http://222.222.216.74:20000/child_process/-/child_process-1.0.2.tgz",
			"integrity": "sha1-sffn/HPSXn/R1FWtyU4UODAYK1o="
		},
		"commander": {
			"version": "2.20.3",
			"resolved": "http://222.222.216.74:20000/commander/-/commander-2.20.3.tgz",
			"integrity": "sha1-/UhehMA+tIgcIHIrpIA16FMa6zM="
		}
	}
}
